{
  "name": "6.mobx",
  "lockfileVersion": 2,
  "requires": true,
  "packages": {
    "": {
      "dependencies": {
        "mobx": "^6.5.0"
      }
    },
    "node_modules/mobx": {
      "version": "6.5.0",
      "resolved": "https://registry.npmjs.org/mobx/-/mobx-6.5.0.tgz",
      "integrity": "sha512-pHZ/cySF00FVENDWIDzJyoObFahK6Eg4d0papqm6d7yMkxWTZ/S/csqJX1A3PsYy4t5k3z2QnlwuCfMW5lSEwA==",
      "funding": {
        "type": "opencollective",
        "url": "https://opencollective.com/mobx"
      }
    }
  },
  "dependencies": {
    "mobx": {
      "version": "6.5.0",
      "resolved": "https://registry.npmjs.org/mobx/-/mobx-6.5.0.tgz",
      "integrity": "sha512-pHZ/cySF00FVENDWIDzJyoObFahK6Eg4d0papqm6d7yMkxWTZ/S/csqJX1A3PsYy4t5k3z2QnlwuCfMW5lSEwA=="
    }
  }
}
